<?xml version="1.0" encoding="utf-8"?>
<Project ToolsVersion="4.0" xmlns="http://schemas.microsoft.com/developer/msbuild/2003">
  <ItemGroup>
    <Filter Include="소스 파일">
      <UniqueIdentifier>{4FC737F1-C7A5-4376-A066-2A32D752A2FF}</UniqueIdentifier>
      <Extensions>cpp;c;cc;cxx;c++;cppm;ixx;def;odl;idl;hpj;bat;asm;asmx</Extensions>
    </Filter>
    <Filter Include="헤더 파일">
      <UniqueIdentifier>{93995380-89BD-4b04-88EB-625FBE52EBFB}</UniqueIdentifier>
      <Extensions>h;hh;hpp;hxx;h++;hm;inl;inc;ipp;xsd</Extensions>
    </Filter>
    <Filter Include="리소스 파일">
      <UniqueIdentifier>{67DA6AB6-F800-4c08-8B7A-83BB121AAD01}</UniqueIdentifier>
      <Extensions>rc;ico;cur;bmp;dlg;rc2;rct;bin;rgs;gif;jpg;jpeg;jpe;resx;tiff;tif;png;wav;mfcribbon-ms</Extensions>
    </Filter>
  </ItemGroup>
  <ItemGroup>
    <ClInclude Include="stdafx.h">
      <Filter>헤더 파일</Filter>
    </ClInclude>
    <ClInclude Include="Resource.h">
      <Filter>헤더 파일</Filter>
    </ClInclude>
    <ClInclude Include="HeroChess.h">
      <Filter>헤더 파일</Filter>
    </ClInclude>
    <ClInclude Include="C_Command.h">
      <Filter>헤더 파일</Filter>
    </ClInclude>
    <ClInclude Include="C_Hero.h">
      <Filter>헤더 파일</Filter>
    </ClInclude>
    <ClInclude Include="targetver.h">
      <Filter>헤더 파일</Filter>
    </ClInclude>
    <ClInclude Include="C_InputHandler.h">
      <Filter>헤더 파일</Filter>
    </ClInclude>
    <ClInclude Include="C_Image.h">
      <Filter>헤더 파일</Filter>
    </ClInclude>
    <ClInclude Include="C_Board.h">
      <Filter>헤더 파일</Filter>
    </ClInclude>
  </ItemGroup>
  <ItemGroup>
    <ClCompile Include="HeroChess.cpp">
      <Filter>소스 파일</Filter>
    </ClCompile>
    <ClCompile Include="C_Command.cpp">
      <Filter>소스 파일</Filter>
    </ClCompile>
    <ClCompile Include="C_Hero.cpp">
      <Filter>소스 파일</Filter>
    </ClCompile>
    <ClCompile Include="stdafx.cpp">
      <Filter>소스 파일</Filter>
    </ClCompile>
    <ClCompile Include="C_InputHandler.cpp">
      <Filter>소스 파일</Filter>
    </ClCompile>
    <ClCompile Include="C_Image.cpp">
      <Filter>소스 파일</Filter>
    </ClCompile>
    <ClCompile Include="C_Board.cpp">
      <Filter>소스 파일</Filter>
    </ClCompile>
  </ItemGroup>
  <ItemGroup>
    <ResourceCompile Include="HeroChess.rc">
      <Filter>리소스 파일</Filter>
    </ResourceCompile>
  </ItemGroup>
  <ItemGroup>
    <Image Include="HeroChess.ico">
      <Filter>리소스 파일</Filter>
    </Image>
    <Image Include="..\resource\bitmap1.bmp">
      <Filter>리소스 파일</Filter>
    </Image>
    <Image Include="..\resource\magician1.bmp">
      <Filter>리소스 파일</Filter>
    </Image>
    <Image Include="..\resource\magician2.bmp">
      <Filter>리소스 파일</Filter>
    </Image>
    <Image Include="..\resource\magician3.bmp">
      <Filter>리소스 파일</Filter>
    </Image>
    <Image Include="..\resource\magician4.bmp">
      <Filter>리소스 파일</Filter>
    </Image>
    <Image Include="..\resource\magician5.bmp">
      <Filter>리소스 파일</Filter>
    </Image>
    <Image Include="..\resource\magician6.bmp">
      <Filter>리소스 파일</Filter>
    </Image>
    <Image Include="..\resource\magician7.bmp">
      <Filter>리소스 파일</Filter>
    </Image>
    <Image Include="..\resource\magician8.bmp">
      <Filter>리소스 파일</Filter>
    </Image>
    <Image Include="..\resource\magician9.bmp">
      <Filter>리소스 파일</Filter>
    </Image>
    <Image Include="..\resource\magician10.bmp">
      <Filter>리소스 파일</Filter>
    </Image>
    <Image Include="..\resource\magician11.bmp">
      <Filter>리소스 파일</Filter>
    </Image>
    <Image Include="..\resource\magician12.bmp">
      <Filter>리소스 파일</Filter>
    </Image>
    <Image Include="..\resource\magician13.bmp">
      <Filter>리소스 파일</Filter>
    </Image>
    <Image Include="..\resource\magician14.bmp">
      <Filter>리소스 파일</Filter>
    </Image>
    <Image Include="..\resource\magician15.bmp">
      <Filter>리소스 파일</Filter>
    </Image>
    <Image Include="..\resource\magician16.bmp">
      <Filter>리소스 파일</Filter>
    </Image>
    <Image Include="small.ico">
      <Filter>리소스 파일</Filter>
    </Image>
    <Image Include="..\resource\Reaper1.bmp">
      <Filter>리소스 파일</Filter>
    </Image>
    <Image Include="..\resource\Reaper2.bmp">
      <Filter>리소스 파일</Filter>
    </Image>
    <Image Include="..\resource\Reaper3.bmp">
      <Filter>리소스 파일</Filter>
    </Image>
    <Image Include="..\resource\Reaper4.bmp">
      <Filter>리소스 파일</Filter>
    </Image>
    <Image Include="..\resource\Reaper5.bmp">
      <Filter>리소스 파일</Filter>
    </Image>
    <Image Include="..\resource\ninja1.bmp">
      <Filter>리소스 파일</Filter>
    </Image>
    <Image Include="..\resource\ninja2.bmp">
      <Filter>리소스 파일</Filter>
    </Image>
    <Image Include="..\resource\ninja3.bmp">
      <Filter>리소스 파일</Filter>
    </Image>
    <Image Include="..\resource\ninja4.bmp">
      <Filter>리소스 파일</Filter>
    </Image>
    <Image Include="..\resource\ninja5.bmp">
      <Filter>리소스 파일</Filter>
    </Image>
    <Image Include="..\resource\ninja6.bmp">
      <Filter>리소스 파일</Filter>
    </Image>
    <Image Include="..\resource\ninja7.bmp">
      <Filter>리소스 파일</Filter>
    </Image>
    <Image Include="..\resource\ninja8.bmp">
      <Filter>리소스 파일</Filter>
    </Image>
    <Image Include="..\resource\ninja9.bmp">
      <Filter>리소스 파일</Filter>
    </Image>
    <Image Include="..\resource\Ghost1.bmp">
      <Filter>리소스 파일</Filter>
    </Image>
    <Image Include="..\resource\Ghost2.bmp">
      <Filter>리소스 파일</Filter>
    </Image>
    <Image Include="..\resource\Ghost3.bmp">
      <Filter>리소스 파일</Filter>
    </Image>
    <Image Include="..\resource\Ghost4.bmp">
      <Filter>리소스 파일</Filter>
    </Image>
    <Image Include="..\resource\Ghost5.bmp">
      <Filter>리소스 파일</Filter>
    </Image>
    <Image Include="..\resource\Ghost6.bmp">
      <Filter>리소스 파일</Filter>
    </Image>
    <Image Include="..\resource\warrior1.bmp">
      <Filter>리소스 파일</Filter>
    </Image>
    <Image Include="..\resource\warrior2.bmp">
      <Filter>리소스 파일</Filter>
    </Image>
    <Image Include="..\resource\warrior3.bmp">
      <Filter>리소스 파일</Filter>
    </Image>
    <Image Include="..\resource\warrior4.bmp">
      <Filter>리소스 파일</Filter>
    </Image>
    <Image Include="..\resource\warrior5.bmp">
      <Filter>리소스 파일</Filter>
    </Image>
    <Image Include="..\resource\defender1.bmp">
      <Filter>리소스 파일</Filter>
    </Image>
    <Image Include="..\resource\defender2.bmp">
      <Filter>리소스 파일</Filter>
    </Image>
    <Image Include="..\resource\defender3.bmp">
      <Filter>리소스 파일</Filter>
    </Image>
    <Image Include="..\resource\knight1.bmp">
      <Filter>리소스 파일</Filter>
    </Image>
    <Image Include="..\resource\knight2.bmp">
      <Filter>리소스 파일</Filter>
    </Image>
    <Image Include="..\resource\knight3.bmp">
      <Filter>리소스 파일</Filter>
    </Image>
    <Image Include="..\resource\knight4.bmp">
      <Filter>리소스 파일</Filter>
    </Image>
  </ItemGroup>
</Project>